<Solution>
  <Project Path="spine-unity-examples.csproj" />
  <Project Path="MessagePipe.Interprocess.csproj" />
  <Project Path="Xianxia.Sect.Runtime.csproj" />
  <Project Path="spine-unity-editor.csproj" />
  <Project Path="spine-unity.csproj" />
  <Project Path="Xianxia.Sect.Visual.Spine.Spikes.csproj" />
  <Project Path="Xianxia.Sect.Visual.Core.Spikes.csproj" />
  <Project Path="Xianxia.Sect.Tests.EditMode.csproj" />
  <Project Path="Xianxia.Sect.Visual.Spine.csproj" />
  <Project Path="spine-unity-examples-editor.csproj" />
  <Project Path="Assembly-CSharp-Editor.csproj" />
  <Project Path="Xianxia.Sect.Visual.Spikes.Editor.csproj" />
</Solution>
